
Microsoft Visual Studio Solution File, Format Version 12.00
# Visual Studio Version 17
VisualStudioVersion = 17.3.32929.385
MinimumVisualStudioVersion = 10.0.40219.1
Project("{FAE04EC0-301F-11D3-BF4B-00C04F79EFBC}") = "myProject", "myProject\myProject.csproj", "{1FB36298-E0AE-4F1E-AF1A-76CC130F742E}"
EndProject
Global
	GlobalSection(SolutionConfigurationPlatforms) = preSolution
		Debug|Any CPU = Debug|Any CPU
		Release|Any CPU = Release|Any CPU
	EndGlobalSection
	GlobalSection(ProjectConfigurationPlatforms) = postSolution
		{1FB36298-E0AE-4F1E-AF1A-76CC130F742E}.Debug|Any CPU.ActiveCfg = Debug|Any CPU
		{1FB36298-E0AE-4F1E-AF1A-76CC130F742E}.Debug|Any CPU.Build.0 = Debug|Any CPU
		{1FB36298-E0AE-4F1E-AF1A-76CC130F742E}.Release|Any CPU.ActiveCfg = Release|Any CPU
		{1FB36298-E0AE-4F1E-AF1A-76CC130F742E}.Release|Any CPU.Build.0 = Release|Any CPU
	EndGlobalSection
	GlobalSection(SolutionProperties) = preSolution
		HideSolutionNode = FALSE
	EndGlobalSection
	GlobalSection(ExtensibilityGlobals) = postSolution
		SolutionGuid = {C0032D47-1D6F-4B97-9620-91496F70ED59}
	EndGlobalSection
EndGlobal
